# This file is automatically @generated by Cargo.
# It is not intended for manual editing.
version = 3

[[package]]
name = "anyhow"
version = "1.0.58"
source = "registry+https://github.com/rust-lang/crates.io-index"
checksum = "bb07d2053ccdbe10e2af2995a2f116c1330396493dc1269f6a91d0ae82e19704"

[[package]]
name = "autocfg"
version = "1.1.0"
source = "registry+https://github.com/rust-lang/crates.io-index"
checksum = "d468802bab17cbc0cc575e9b053f41e72aa36bfa6b7f55e3529ffa43161b97fa"

[[package]]
name = "benchmark-yamux-client"
version = "0.1.0"
dependencies = [
 "futures",
 "protobuf",
 "tokio 0.2.25",
 "tokio-util 0.7.3",
 "tokio-yamux",
 "ttrpc",
 "ttrpc-codegen",
]

[[package]]
name = "bitflags"
version = "1.3.2"
source = "registry+https://github.com/rust-lang/crates.io-index"
checksum = "bef38d45163c2f1dde094a7dfd33ccf595c92905c8f8f4fdc18d06fb1037718a"

[[package]]
name = "byteorder"
version = "1.4.3"
source = "registry+https://github.com/rust-lang/crates.io-index"
checksum = "14c189c53d098945499cdfa7ecc63567cf3886b3332b312a5b4585d8d3a6a610"

[[package]]
name = "bytes"
version = "0.5.6"
source = "registry+https://github.com/rust-lang/crates.io-index"
checksum = "0e4cec68f03f32e44924783795810fa50a7035d8c8ebe78580ad7e6c703fba38"

[[package]]
name = "bytes"
version = "1.1.0"
source = "registry+https://github.com/rust-lang/crates.io-index"
checksum = "c4872d67bab6358e59559027aa3b9157c53d9358c51423c17554809a8858e0f8"

[[package]]
name = "cc"
version = "1.0.73"
source = "registry+https://github.com/rust-lang/crates.io-index"
checksum = "2fff2a6927b3bb87f9595d67196a70493f627687a71d87a0d692242c33f58c11"

[[package]]
name = "cfg-if"
version = "0.1.10"
source = "registry+https://github.com/rust-lang/crates.io-index"
checksum = "4785bdd1c96b2a846b2bd7cc02e86b6b3dbf14e7e53446c4f54c92a361040822"

[[package]]
name = "cfg-if"
version = "1.0.0"
source = "registry+https://github.com/rust-lang/crates.io-index"
checksum = "baf1de4339761588bc0619e3cbc0120ee582ebb74b53b4efbf79117bd2da40fd"

[[package]]
name = "derive-new"
version = "0.5.9"
source = "registry+https://github.com/rust-lang/crates.io-index"
checksum = "3418329ca0ad70234b9735dc4ceed10af4df60eff9c8e7b06cb5e520d92c3535"
dependencies = [
 "proc-macro2",
 "quote",
 "syn",
]

[[package]]
name = "either"
version = "1.7.0"
source = "registry+https://github.com/rust-lang/crates.io-index"
checksum = "3f107b87b6afc2a64fd13cac55fe06d6c8859f12d4b14cbcdd2c67d0976781be"

[[package]]
name = "fastrand"
version = "1.7.0"
source = "registry+https://github.com/rust-lang/crates.io-index"
checksum = "c3fcf0cee53519c866c09b5de1f6c56ff9d647101f81c1964fa632e148896cdf"
dependencies = [
 "instant",
]

[[package]]
name = "fixedbitset"
version = "0.2.0"
source = "registry+https://github.com/rust-lang/crates.io-index"
checksum = "37ab347416e802de484e4d03c7316c48f1ecb56574dfd4a46a80f173ce1de04d"

[[package]]
name = "fnv"
version = "1.0.7"
source = "registry+https://github.com/rust-lang/crates.io-index"
checksum = "3f9eec918d3f24069decb9af1554cad7c880e2da24a9afd88aca000531ab82c1"

[[package]]
name = "fuchsia-zircon"
version = "0.3.3"
source = "registry+https://github.com/rust-lang/crates.io-index"
checksum = "2e9763c69ebaae630ba35f74888db465e49e259ba1bc0eda7d06f4a067615d82"
dependencies = [
 "bitflags",
 "fuchsia-zircon-sys",
]

[[package]]
name = "fuchsia-zircon-sys"
version = "0.3.3"
source = "registry+https://github.com/rust-lang/crates.io-index"
checksum = "3dcaa9ae7725d12cdb85b3ad99a434db70b468c09ded17e012d86b5c1010f7a7"

[[package]]
name = "futures"
version = "0.3.21"
source = "registry+https://github.com/rust-lang/crates.io-index"
checksum = "f73fe65f54d1e12b726f517d3e2135ca3125a437b6d998caf1962961f7172d9e"
dependencies = [
 "futures-channel",
 "futures-core",
 "futures-executor",
 "futures-io",
 "futures-sink",
 "futures-task",
 "futures-util",
]

[[package]]
name = "futures-channel"
version = "0.3.21"
source = "registry+https://github.com/rust-lang/crates.io-index"
checksum = "c3083ce4b914124575708913bca19bfe887522d6e2e6d0952943f5eac4a74010"
dependencies = [
 "futures-core",
 "futures-sink",
]

[[package]]
name = "futures-core"
version = "0.3.21"
source = "registry+https://github.com/rust-lang/crates.io-index"
checksum = "0c09fd04b7e4073ac7156a9539b57a484a8ea920f79c7c675d05d289ab6110d3"

[[package]]
name = "futures-executor"
version = "0.3.21"
source = "registry+https://github.com/rust-lang/crates.io-index"
checksum = "9420b90cfa29e327d0429f19be13e7ddb68fa1cccb09d65e5706b8c7a749b8a6"
dependencies = [
 "futures-core",
 "futures-task",
 "futures-util",
]

[[package]]
name = "futures-io"
version = "0.3.21"
source = "registry+https://github.com/rust-lang/crates.io-index"
checksum = "fc4045962a5a5e935ee2fdedaa4e08284547402885ab326734432bed5d12966b"

[[package]]
name = "futures-macro"
version = "0.3.21"
source = "registry+https://github.com/rust-lang/crates.io-index"
checksum = "33c1e13800337f4d4d7a316bf45a567dbcb6ffe087f16424852d97e97a91f512"
dependencies = [
 "proc-macro2",
 "quote",
 "syn",
]

[[package]]
name = "futures-sink"
version = "0.3.21"
source = "registry+https://github.com/rust-lang/crates.io-index"
checksum = "21163e139fa306126e6eedaf49ecdb4588f939600f0b1e770f4205ee4b7fa868"

[[package]]
name = "futures-task"
version = "0.3.21"
source = "registry+https://github.com/rust-lang/crates.io-index"
checksum = "57c66a976bf5909d801bbef33416c41372779507e7a6b3a5e25e4749c58f776a"

[[package]]
name = "futures-util"
version = "0.3.21"
source = "registry+https://github.com/rust-lang/crates.io-index"
checksum = "d8b7abd5d659d9b90c8cba917f6ec750a74e2dc23902ef9cd4cc8c8b22e6036a"
dependencies = [
 "futures-channel",
 "futures-core",
 "futures-io",
 "futures-macro",
 "futures-sink",
 "futures-task",
 "memchr",
 "pin-project-lite 0.2.9",
 "pin-utils",
 "slab",
]

[[package]]
name = "hashbrown"
version = "0.12.1"
source = "registry+https://github.com/rust-lang/crates.io-index"
checksum = "db0d4cf898abf0081f964436dc980e96670a0f36863e4b83aaacdb65c9d7ccc3"

[[package]]
name = "heck"
version = "0.3.3"
source = "registry+https://github.com/rust-lang/crates.io-index"
checksum = "6d621efb26863f0e9924c6ac577e8275e5e6b77455db64ffa6c65c904e9e132c"
dependencies = [
 "unicode-segmentation",
]

[[package]]
name = "hermit-abi"
version = "0.1.19"
source = "registry+https://github.com/rust-lang/crates.io-index"
checksum = "62b467343b94ba476dcb2500d242dadbb39557df889310ac77c5d99100aaac33"
dependencies = [
 "libc",
]

[[package]]
name = "indexmap"
version = "1.9.1"
source = "registry+https://github.com/rust-lang/crates.io-index"
checksum = "10a35a97730320ffe8e2d410b5d3b69279b98d2c14bdb8b70ea89ecf7888d41e"
dependencies = [
 "autocfg",
 "hashbrown",
]

[[package]]
name = "instant"
version = "0.1.12"
source = "registry+https://github.com/rust-lang/crates.io-index"
checksum = "7a5bbe824c507c5da5956355e86a746d82e0e1464f65d862cc5e71da70e94b2c"
dependencies = [
 "cfg-if 1.0.0",
]

[[package]]
name = "iovec"
version = "0.1.4"
source = "registry+https://github.com/rust-lang/crates.io-index"
checksum = "b2b3ea6ff95e175473f8ffe6a7eb7c00d054240321b84c57051175fe3c1e075e"
dependencies = [
 "libc",
]

[[package]]
name = "itertools"
version = "0.10.3"
source = "registry+https://github.com/rust-lang/crates.io-index"
checksum = "a9a9d19fa1e79b6215ff29b9d6880b706147f16e9b1dbb1e4e5947b5b02bc5e3"
dependencies = [
 "either",
]

[[package]]
name = "kernel32-sys"
version = "0.2.2"
source = "registry+https://github.com/rust-lang/crates.io-index"
checksum = "7507624b29483431c0ba2d82aece8ca6cdba9382bff4ddd0f7490560c056098d"
dependencies = [
 "winapi 0.2.8",
 "winapi-build",
]

[[package]]
name = "lazy_static"
version = "1.4.0"
source = "registry+https://github.com/rust-lang/crates.io-index"
checksum = "e2abad23fbc42b3700f2f279844dc832adb2b2eb069b2df918f455c4e18cc646"

[[package]]
name = "libc"
version = "0.2.126"
source = "registry+https://github.com/rust-lang/crates.io-index"
checksum = "349d5a591cd28b49e1d1037471617a32ddcda5731b99419008085f72d5a53836"

[[package]]
name = "log"
version = "0.4.17"
source = "registry+https://github.com/rust-lang/crates.io-index"
checksum = "abb12e687cfb44aa40f41fc3978ef76448f9b6038cad6aef4259d3c095a2382e"
dependencies = [
 "cfg-if 1.0.0",
]

[[package]]
name = "memchr"
version = "2.5.0"
source = "registry+https://github.com/rust-lang/crates.io-index"
checksum = "2dffe52ecf27772e601905b7522cb4ef790d2cc203488bbd0e2fe85fcb74566d"

[[package]]
name = "memoffset"
version = "0.6.5"
source = "registry+https://github.com/rust-lang/crates.io-index"
checksum = "5aa361d4faea93603064a027415f07bd8e1d5c88c9fbf68bf56a285428fd79ce"
dependencies = [
 "autocfg",
]

[[package]]
name = "mio"
version = "0.6.23"
source = "registry+https://github.com/rust-lang/crates.io-index"
checksum = "4afd66f5b91bf2a3bc13fad0e21caedac168ca4c707504e75585648ae80e4cc4"
dependencies = [
 "cfg-if 0.1.10",
 "fuchsia-zircon",
 "fuchsia-zircon-sys",
 "iovec",
 "kernel32-sys",
 "libc",
 "log",
 "miow 0.2.2",
 "net2",
 "slab",
 "winapi 0.2.8",
]

[[package]]
name = "mio-named-pipes"
version = "0.1.7"
source = "registry+https://github.com/rust-lang/crates.io-index"
checksum = "0840c1c50fd55e521b247f949c241c9997709f23bd7f023b9762cd561e935656"
dependencies = [
 "log",
 "mio",
 "miow 0.3.7",
 "winapi 0.3.9",
]

[[package]]
name = "mio-uds"
version = "0.6.8"
source = "registry+https://github.com/rust-lang/crates.io-index"
checksum = "afcb699eb26d4332647cc848492bbc15eafb26f08d0304550d5aa1f612e066f0"
dependencies = [
 "iovec",
 "libc",
 "mio",
]

[[package]]
name = "miow"
version = "0.2.2"
source = "registry+https://github.com/rust-lang/crates.io-index"
checksum = "ebd808424166322d4a38da87083bfddd3ac4c131334ed55856112eb06d46944d"
dependencies = [
 "kernel32-sys",
 "net2",
 "winapi 0.2.8",
 "ws2_32-sys",
]

[[package]]
name = "miow"
version = "0.3.7"
source = "registry+https://github.com/rust-lang/crates.io-index"
checksum = "b9f1c5b025cda876f66ef43a113f91ebc9f4ccef34843000e0adf6ebbab84e21"
dependencies = [
 "winapi 0.3.9",
]

[[package]]
name = "multimap"
version = "0.8.3"
source = "registry+https://github.com/rust-lang/crates.io-index"
checksum = "e5ce46fe64a9d73be07dcbe690a38ce1b293be448fd8ce1e6c1b8062c9f72c6a"

[[package]]
name = "net2"
version = "0.2.37"
source = "registry+https://github.com/rust-lang/crates.io-index"
checksum = "391630d12b68002ae1e25e8f974306474966550ad82dac6886fb8910c19568ae"
dependencies = [
 "cfg-if 0.1.10",
 "libc",
 "winapi 0.3.9",
]

[[package]]
name = "nix"
version = "0.23.1"
source = "registry+https://github.com/rust-lang/crates.io-index"
checksum = "9f866317acbd3a240710c63f065ffb1e4fd466259045ccb504130b7f668f35c6"
dependencies = [
 "bitflags",
 "cc",
 "cfg-if 1.0.0",
 "libc",
 "memoffset",
]

[[package]]
name = "num_cpus"
version = "1.13.1"
source = "registry+https://github.com/rust-lang/crates.io-index"
checksum = "19e64526ebdee182341572e50e9ad03965aa510cd94427a4549448f285e957a1"
dependencies = [
 "hermit-abi",
 "libc",
]

[[package]]
name = "once_cell"
version = "1.12.0"
source = "registry+https://github.com/rust-lang/crates.io-index"
checksum = "7709cef83f0c1f58f666e746a08b21e0085f7440fa6a29cc194d68aac97a4225"

[[package]]
name = "petgraph"
version = "0.5.1"
source = "registry+https://github.com/rust-lang/crates.io-index"
checksum = "467d164a6de56270bd7c4d070df81d07beace25012d5103ced4e9ff08d6afdb7"
dependencies = [
 "fixedbitset",
 "indexmap",
]

[[package]]
name = "pin-project-lite"
version = "0.1.12"
source = "registry+https://github.com/rust-lang/crates.io-index"
checksum = "257b64915a082f7811703966789728173279bdebb956b143dbcd23f6f970a777"

[[package]]
name = "pin-project-lite"
version = "0.2.9"
source = "registry+https://github.com/rust-lang/crates.io-index"
checksum = "e0a7ae3ac2f1173085d398531c705756c94a4c56843785df85a60c1a0afac116"

[[package]]
name = "pin-utils"
version = "0.1.0"
source = "registry+https://github.com/rust-lang/crates.io-index"
checksum = "8b870d8c151b6f2fb93e84a13146138f05d02ed11c7e7c54f8826aaaf7c9f184"

[[package]]
name = "proc-macro2"
version = "1.0.40"
source = "registry+https://github.com/rust-lang/crates.io-index"
checksum = "dd96a1e8ed2596c337f8eae5f24924ec83f5ad5ab21ea8e455d3566c69fbcaf7"
dependencies = [
 "unicode-ident",
]

[[package]]
name = "prost"
version = "0.8.0"
source = "registry+https://github.com/rust-lang/crates.io-index"
checksum = "de5e2533f59d08fcf364fd374ebda0692a70bd6d7e66ef97f306f45c6c5d8020"
dependencies = [
 "bytes 1.1.0",
 "prost-derive",
]

[[package]]
name = "prost-build"
version = "0.8.0"
source = "registry+https://github.com/rust-lang/crates.io-index"
checksum = "355f634b43cdd80724ee7848f95770e7e70eefa6dcf14fea676216573b8fd603"
dependencies = [
 "bytes 1.1.0",
 "heck",
 "itertools",
 "log",
 "multimap",
 "petgraph",
 "prost",
 "prost-types",
 "tempfile",
 "which",
]

[[package]]
name = "prost-derive"
version = "0.8.0"
source = "registry+https://github.com/rust-lang/crates.io-index"
checksum = "600d2f334aa05acb02a755e217ef1ab6dea4d51b58b7846588b747edec04efba"
dependencies = [
 "anyhow",
 "itertools",
 "proc-macro2",
 "quote",
 "syn",
]

[[package]]
name = "prost-types"
version = "0.8.0"
source = "registry+https://github.com/rust-lang/crates.io-index"
checksum = "603bbd6394701d13f3f25aada59c7de9d35a6a5887cfc156181234a44002771b"
dependencies = [
 "bytes 1.1.0",
 "prost",
]

[[package]]
name = "protobuf"
version = "2.27.1"
source = "registry+https://github.com/rust-lang/crates.io-index"
checksum = "cf7e6d18738ecd0902d30d1ad232c9125985a3422929b16c65517b38adc14f96"

[[package]]
name = "protobuf-codegen"
version = "2.27.1"
source = "registry+https://github.com/rust-lang/crates.io-index"
checksum = "aec1632b7c8f2e620343439a7dfd1f3c47b18906c4be58982079911482b5d707"
dependencies = [
 "protobuf",
]

[[package]]
name = "protobuf-codegen-pure"
version = "2.27.1"
source = "registry+https://github.com/rust-lang/crates.io-index"
checksum = "9f8122fdb18e55190c796b088a16bdb70cd7acdcd48f7a8b796b58c62e532cc6"
dependencies = [
 "protobuf",
 "protobuf-codegen",
]

[[package]]
name = "quote"
version = "1.0.20"
source = "registry+https://github.com/rust-lang/crates.io-index"
checksum = "3bcdf212e9776fbcb2d23ab029360416bb1706b1aea2d1a5ba002727cbcab804"
dependencies = [
 "proc-macro2",
]

[[package]]
name = "redox_syscall"
version = "0.2.13"
source = "registry+https://github.com/rust-lang/crates.io-index"
checksum = "62f25bc4c7e55e0b0b7a1d43fb893f4fa1361d0abe38b9ce4f323c2adfe6ef42"
dependencies = [
 "bitflags",
]

[[package]]
name = "remove_dir_all"
version = "0.5.3"
source = "registry+https://github.com/rust-lang/crates.io-index"
checksum = "3acd125665422973a33ac9d3dd2df85edad0f4ae9b00dafb1a05e43a9f5ef8e7"
dependencies = [
 "winapi 0.3.9",
]

[[package]]
name = "signal-hook-registry"
version = "1.4.0"
source = "registry+https://github.com/rust-lang/crates.io-index"
checksum = "e51e73328dc4ac0c7ccbda3a494dfa03df1de2f46018127f60c693f2648455b0"
dependencies = [
 "libc",
]

[[package]]
name = "slab"
version = "0.4.6"
source = "registry+https://github.com/rust-lang/crates.io-index"
checksum = "eb703cfe953bccee95685111adeedb76fabe4e97549a58d16f03ea7b9367bb32"

[[package]]
name = "syn"
version = "1.0.98"
source = "registry+https://github.com/rust-lang/crates.io-index"
checksum = "c50aef8a904de4c23c788f104b7dddc7d6f79c647c7c8ce4cc8f73eb0ca773dd"
dependencies = [
 "proc-macro2",
 "quote",
 "unicode-ident",
]

[[package]]
name = "tempfile"
version = "3.3.0"
source = "registry+https://github.com/rust-lang/crates.io-index"
checksum = "5cdb1ef4eaeeaddc8fbd371e5017057064af0911902ef36b39801f67cc6d79e4"
dependencies = [
 "cfg-if 1.0.0",
 "fastrand",
 "libc",
 "redox_syscall",
 "remove_dir_all",
 "winapi 0.3.9",
]

[[package]]
name = "thiserror"
version = "1.0.31"
source = "registry+https://github.com/rust-lang/crates.io-index"
checksum = "bd829fe32373d27f76265620b5309d0340cb8550f523c1dda251d6298069069a"
dependencies = [
 "thiserror-impl",
]

[[package]]
name = "thiserror-impl"
version = "1.0.31"
source = "registry+https://github.com/rust-lang/crates.io-index"
checksum = "0396bc89e626244658bef819e22d0cc459e795a5ebe878e6ec336d1674a8d79a"
dependencies = [
 "proc-macro2",
 "quote",
 "syn",
]

[[package]]
name = "tokio"
version = "0.2.25"
source = "registry+https://github.com/rust-lang/crates.io-index"
checksum = "6703a273949a90131b290be1fe7b039d0fc884aa1935860dfcbe056f28cd8092"
dependencies = [
 "bytes 0.5.6",
 "fnv",
 "futures-core",
 "iovec",
 "lazy_static",
 "libc",
 "memchr",
 "mio",
 "mio-named-pipes",
 "mio-uds",
 "num_cpus",
 "pin-project-lite 0.1.12",
 "signal-hook-registry",
 "slab",
 "tokio-macros",
 "winapi 0.3.9",
]

[[package]]
name = "tokio"
version = "1.19.2"
source = "registry+https://github.com/rust-lang/crates.io-index"
checksum = "c51a52ed6686dd62c320f9b89299e9dfb46f730c7a48e635c19f21d116cb1439"
dependencies = [
 "pin-project-lite 0.2.9",
]

[[package]]
name = "tokio-macros"
version = "0.2.6"
source = "registry+https://github.com/rust-lang/crates.io-index"
checksum = "e44da00bfc73a25f814cd8d7e57a68a5c31b74b3152a0a1d1f590c97ed06265a"
dependencies = [
 "proc-macro2",
 "quote",
 "syn",
]

[[package]]
name = "tokio-util"
version = "0.3.1"
source = "registry+https://github.com/rust-lang/crates.io-index"
checksum = "be8242891f2b6cbef26a2d7e8605133c2c554cd35b3e4948ea892d6d68436499"
dependencies = [
 "bytes 0.5.6",
 "futures-core",
 "futures-sink",
 "log",
 "pin-project-lite 0.1.12",
 "tokio 0.2.25",
]

[[package]]
name = "tokio-util"
version = "0.7.3"
source = "registry+https://github.com/rust-lang/crates.io-index"
checksum = "cc463cd8deddc3770d20f9852143d50bf6094e640b485cb2e189a2099085ff45"
dependencies = [
 "bytes 1.1.0",
 "futures-core",
 "futures-sink",
 "pin-project-lite 0.2.9",
 "tokio 1.19.2",
 "tracing",
]

[[package]]
name = "tokio-yamux"
version = "0.2.12"
source = "registry+https://github.com/rust-lang/crates.io-index"
checksum = "3645b514654423f5704977e21a26f57cad6830d645e203a3d155f9a71e517115"
dependencies = [
 "bytes 0.5.6",
 "futures",
 "log",
 "tokio 0.2.25",
 "tokio-util 0.3.1",
]

[[package]]
name = "tracing"
version = "0.1.35"
source = "registry+https://github.com/rust-lang/crates.io-index"
checksum = "a400e31aa60b9d44a52a8ee0343b5b18566b03a8321e0d321f695cf56e940160"
dependencies = [
 "cfg-if 1.0.0",
 "pin-project-lite 0.2.9",
 "tracing-core",
]

[[package]]
name = "tracing-core"
version = "0.1.28"
source = "registry+https://github.com/rust-lang/crates.io-index"
checksum = "7b7358be39f2f274f322d2aaed611acc57f382e8eb1e5b48cb9ae30933495ce7"
dependencies = [
 "once_cell",
]

[[package]]
name = "ttrpc"
version = "0.6.1"
source = "registry+https://github.com/rust-lang/crates.io-index"
checksum = "2ecfff459a859c6ba6668ff72b34c2f1d94d9d58f7088414c2674ad0f31cc7d8"
dependencies = [
 "byteorder",
 "libc",
 "log",
 "nix",
 "protobuf",
 "protobuf-codegen-pure",
 "thiserror",
]

[[package]]
name = "ttrpc-codegen"
version = "0.3.0"
source = "registry+https://github.com/rust-lang/crates.io-index"
checksum = "2663075e91db3981a9d4dd91f41a0ac26f6c9bb45c7ac98e570442213ececa84"
dependencies = [
 "protobuf",
 "protobuf-codegen",
 "protobuf-codegen-pure",
 "ttrpc-compiler",
]

[[package]]
name = "ttrpc-compiler"
version = "0.5.0"
source = "registry+https://github.com/rust-lang/crates.io-index"
checksum = "5b8eca0173efcd46aef85fe1f24dd21e6c1bfc0df5205d2a849ad64f6b57d3db"
dependencies = [
 "derive-new",
 "prost",
 "prost-build",
 "prost-types",
 "protobuf",
 "protobuf-codegen",
 "tempfile",
]

[[package]]
name = "unicode-ident"
version = "1.0.1"
source = "registry+https://github.com/rust-lang/crates.io-index"
checksum = "5bd2fe26506023ed7b5e1e315add59d6f584c621d037f9368fea9cfb988f368c"

[[package]]
name = "unicode-segmentation"
version = "1.9.0"
source = "registry+https://github.com/rust-lang/crates.io-index"
checksum = "7e8820f5d777f6224dc4be3632222971ac30164d4a258d595640799554ebfd99"

[[package]]
name = "which"
version = "4.2.5"
source = "registry+https://github.com/rust-lang/crates.io-index"
checksum = "5c4fb54e6113b6a8772ee41c3404fb0301ac79604489467e0a9ce1f3e97c24ae"
dependencies = [
 "either",
 "lazy_static",
 "libc",
]

[[package]]
name = "winapi"
version = "0.2.8"
source = "registry+https://github.com/rust-lang/crates.io-index"
checksum = "167dc9d6949a9b857f3451275e911c3f44255842c1f7a76f33c55103a909087a"

[[package]]
name = "winapi"
version = "0.3.9"
source = "registry+https://github.com/rust-lang/crates.io-index"
checksum = "5c839a674fcd7a98952e593242ea400abe93992746761e38641405d28b00f419"
dependencies = [
 "winapi-i686-pc-windows-gnu",
 "winapi-x86_64-pc-windows-gnu",
]

[[package]]
name = "winapi-build"
version = "0.1.1"
source = "registry+https://github.com/rust-lang/crates.io-index"
checksum = "2d315eee3b34aca4797b2da6b13ed88266e6d612562a0c46390af8299fc699bc"

[[package]]
name = "winapi-i686-pc-windows-gnu"
version = "0.4.0"
source = "registry+https://github.com/rust-lang/crates.io-index"
checksum = "ac3b87c63620426dd9b991e5ce0329eff545bccbbb34f3be09ff6fb6ab51b7b6"

[[package]]
name = "winapi-x86_64-pc-windows-gnu"
version = "0.4.0"
source = "registry+https://github.com/rust-lang/crates.io-index"
checksum = "712e227841d057c1ee1cd2fb22fa7e5a5461ae8e48fa2ca79ec42cfc1931183f"

[[package]]
name = "ws2_32-sys"
version = "0.2.1"
source = "registry+https://github.com/rust-lang/crates.io-index"
checksum = "d59cefebd0c892fa2dd6de581e937301d8552cb44489cdff035c6187cb63fa5e"
dependencies = [
 "winapi 0.2.8",
 "winapi-build",
]
